
Microsoft Visual Studio Solution File, Format Version 12.00
# Visual Studio Version 16
VisualStudioVersion = 16.0.34601.136
MinimumVisualStudioVersion = 10.0.40219.1
Project("{FAE04EC0-301F-11D3-BF4B-00C04F79EFBC}") = "ÄximaApi", "WebApplication1\ÄximaApi.csproj", "{CFE5D0D9-6851-4AD1-8276-557E5EA7D1C1}"
EndProject
Project("{FAE04EC0-301F-11D3-BF4B-00C04F79EFBC}") = "Domain", "Domain\Domain.csproj", "{E18D15AA-DBA9-4B37-9E39-D7B775BAEE13}"
EndProject
Project("{FAE04EC0-301F-11D3-BF4B-00C04F79EFBC}") = "Application", "Application\Application.csproj", "{D791FF81-A9C4-4E84-B57E-63B21584DAAB}"
EndProject
Project("{FAE04EC0-301F-11D3-BF4B-00C04F79EFBC}") = "Infrastrucure", "Infrastrucure\Infrastrucure.csproj", "{764CEF32-03BE-41DB-9DB7-80387A9A5B76}"
EndProject
Project("{2150E333-8FDC-42A3-9474-1A3956D46DE8}") = "MefTest", "MefTest", "{2427958A-2B8F-42C0-ABD8-2FF8E39E3C80}"
EndProject
Project("{FAE04EC0-301F-11D3-BF4B-00C04F79EFBC}") = "ClassLibrary1", "ClassLibrary1\ClassLibrary1.csproj", "{9963A2FA-3DD2-4F8A-812A-CB50B070AFB7}"
EndProject
Project("{FAE04EC0-301F-11D3-BF4B-00C04F79EFBC}") = "ClassLibrary2", "ClassLibrary2\ClassLibrary2.csproj", "{0650E144-80E1-453A-A27F-3AB793E6AB27}"
EndProject
Project("{FAE04EC0-301F-11D3-BF4B-00C04F79EFBC}") = "Extensions", "Extensions\Extensions.csproj", "{848002F8-8DCB-4D4C-883B-77B09C5A0498}"
EndProject
Project("{FAE04EC0-301F-11D3-BF4B-00C04F79EFBC}") = "Constats", "Constats\Constats.csproj", "{43F06F41-F5F5-4382-B236-86048B555CF1}"
EndProject
Project("{2150E333-8FDC-42A3-9474-1A3956D46DE8}") = "src", "src", "{FAEC9CE6-1DA8-4B28-900F-DB472713ACE6}"
EndProject
Project("{2150E333-8FDC-42A3-9474-1A3956D46DE8}") = "test", "test", "{F0DDC27F-A5D8-4E6A-8FCD-9A3408FF39E0}"
EndProject
Project("{FAE04EC0-301F-11D3-BF4B-00C04F79EFBC}") = "Domain.Tests", "Domain.Tests\Domain.Tests.csproj", "{1D39D8A4-FE06-408D-9297-F4E58FFEF6F6}"
EndProject
Project("{FAE04EC0-301F-11D3-BF4B-00C04F79EFBC}") = "Application.Test", "Application.Test\Application.Test.csproj", "{38E0CA32-8933-464B-8AFD-C6C7C8E162FE}"
EndProject
Project("{FAE04EC0-301F-11D3-BF4B-00C04F79EFBC}") = "Infrastructure.Tests", "Infrastructure.Tests\Infrastructure.Tests.csproj", "{471BB92F-4CE1-4FCF-84F2-7DD900F0A964}"
EndProject
Project("{FAE04EC0-301F-11D3-BF4B-00C04F79EFBC}") = "TestMef", "TestMef\TestMef.csproj", "{A097FB0C-2FD1-4FE8-9CFF-B49A9AE23A81}"
EndProject
Project("{FAE04EC0-301F-11D3-BF4B-00C04F79EFBC}") = "ConsoleApp1", "ConsoleApp1\ConsoleApp1.csproj", "{CDD11B05-46AA-4690-984A-505612174EAB}"
EndProject
Project("{2150E333-8FDC-42A3-9474-1A3956D46DE8}") = "docs", "docs", "{A61E2CD2-EA71-45AF-8A61-DA1F5B51CB33}"
EndProject
Project("{2150E333-8FDC-42A3-9474-1A3956D46DE8}") = "Solution Items", "Solution Items", "{907E2E93-CCB5-422C-887B-A61A1EFCEDDB}"
EndProject
Global
	GlobalSection(SolutionConfigurationPlatforms) = preSolution
		Debug|Any CPU = Debug|Any CPU
		Release|Any CPU = Release|Any CPU
	EndGlobalSection
	GlobalSection(ProjectConfigurationPlatforms) = postSolution
		{CFE5D0D9-6851-4AD1-8276-557E5EA7D1C1}.Debug|Any CPU.ActiveCfg = Debug|Any CPU
		{CFE5D0D9-6851-4AD1-8276-557E5EA7D1C1}.Debug|Any CPU.Build.0 = Debug|Any CPU
		{CFE5D0D9-6851-4AD1-8276-557E5EA7D1C1}.Release|Any CPU.ActiveCfg = Release|Any CPU
		{CFE5D0D9-6851-4AD1-8276-557E5EA7D1C1}.Release|Any CPU.Build.0 = Release|Any CPU
		{E18D15AA-DBA9-4B37-9E39-D7B775BAEE13}.Debug|Any CPU.ActiveCfg = Debug|Any CPU
		{E18D15AA-DBA9-4B37-9E39-D7B775BAEE13}.Debug|Any CPU.Build.0 = Debug|Any CPU
		{E18D15AA-DBA9-4B37-9E39-D7B775BAEE13}.Release|Any CPU.ActiveCfg = Release|Any CPU
		{E18D15AA-DBA9-4B37-9E39-D7B775BAEE13}.Release|Any CPU.Build.0 = Release|Any CPU
		{D791FF81-A9C4-4E84-B57E-63B21584DAAB}.Debug|Any CPU.ActiveCfg = Debug|Any CPU
		{D791FF81-A9C4-4E84-B57E-63B21584DAAB}.Debug|Any CPU.Build.0 = Debug|Any CPU
		{D791FF81-A9C4-4E84-B57E-63B21584DAAB}.Release|Any CPU.ActiveCfg = Release|Any CPU
		{D791FF81-A9C4-4E84-B57E-63B21584DAAB}.Release|Any CPU.Build.0 = Release|Any CPU
		{764CEF32-03BE-41DB-9DB7-80387A9A5B76}.Debug|Any CPU.ActiveCfg = Debug|Any CPU
		{764CEF32-03BE-41DB-9DB7-80387A9A5B76}.Debug|Any CPU.Build.0 = Debug|Any CPU
		{764CEF32-03BE-41DB-9DB7-80387A9A5B76}.Release|Any CPU.ActiveCfg = Release|Any CPU
		{764CEF32-03BE-41DB-9DB7-80387A9A5B76}.Release|Any CPU.Build.0 = Release|Any CPU
		{9963A2FA-3DD2-4F8A-812A-CB50B070AFB7}.Debug|Any CPU.ActiveCfg = Debug|Any CPU
		{9963A2FA-3DD2-4F8A-812A-CB50B070AFB7}.Debug|Any CPU.Build.0 = Debug|Any CPU
		{9963A2FA-3DD2-4F8A-812A-CB50B070AFB7}.Release|Any CPU.ActiveCfg = Release|Any CPU
		{9963A2FA-3DD2-4F8A-812A-CB50B070AFB7}.Release|Any CPU.Build.0 = Release|Any CPU
		{0650E144-80E1-453A-A27F-3AB793E6AB27}.Debug|Any CPU.ActiveCfg = Debug|Any CPU
		{0650E144-80E1-453A-A27F-3AB793E6AB27}.Debug|Any CPU.Build.0 = Debug|Any CPU
		{0650E144-80E1-453A-A27F-3AB793E6AB27}.Release|Any CPU.ActiveCfg = Release|Any CPU
		{0650E144-80E1-453A-A27F-3AB793E6AB27}.Release|Any CPU.Build.0 = Release|Any CPU
		{848002F8-8DCB-4D4C-883B-77B09C5A0498}.Debug|Any CPU.ActiveCfg = Debug|Any CPU
		{848002F8-8DCB-4D4C-883B-77B09C5A0498}.Debug|Any CPU.Build.0 = Debug|Any CPU
		{848002F8-8DCB-4D4C-883B-77B09C5A0498}.Release|Any CPU.ActiveCfg = Release|Any CPU
		{848002F8-8DCB-4D4C-883B-77B09C5A0498}.Release|Any CPU.Build.0 = Release|Any CPU
		{43F06F41-F5F5-4382-B236-86048B555CF1}.Debug|Any CPU.ActiveCfg = Debug|Any CPU
		{43F06F41-F5F5-4382-B236-86048B555CF1}.Debug|Any CPU.Build.0 = Debug|Any CPU
		{43F06F41-F5F5-4382-B236-86048B555CF1}.Release|Any CPU.ActiveCfg = Release|Any CPU
		{43F06F41-F5F5-4382-B236-86048B555CF1}.Release|Any CPU.Build.0 = Release|Any CPU
		{1D39D8A4-FE06-408D-9297-F4E58FFEF6F6}.Debug|Any CPU.ActiveCfg = Debug|Any CPU
		{1D39D8A4-FE06-408D-9297-F4E58FFEF6F6}.Debug|Any CPU.Build.0 = Debug|Any CPU
		{1D39D8A4-FE06-408D-9297-F4E58FFEF6F6}.Release|Any CPU.ActiveCfg = Release|Any CPU
		{1D39D8A4-FE06-408D-9297-F4E58FFEF6F6}.Release|Any CPU.Build.0 = Release|Any CPU
		{38E0CA32-8933-464B-8AFD-C6C7C8E162FE}.Debug|Any CPU.ActiveCfg = Debug|Any CPU
		{38E0CA32-8933-464B-8AFD-C6C7C8E162FE}.Debug|Any CPU.Build.0 = Debug|Any CPU
		{38E0CA32-8933-464B-8AFD-C6C7C8E162FE}.Release|Any CPU.ActiveCfg = Release|Any CPU
		{38E0CA32-8933-464B-8AFD-C6C7C8E162FE}.Release|Any CPU.Build.0 = Release|Any CPU
		{471BB92F-4CE1-4FCF-84F2-7DD900F0A964}.Debug|Any CPU.ActiveCfg = Debug|Any CPU
		{471BB92F-4CE1-4FCF-84F2-7DD900F0A964}.Debug|Any CPU.Build.0 = Debug|Any CPU
		{471BB92F-4CE1-4FCF-84F2-7DD900F0A964}.Release|Any CPU.ActiveCfg = Release|Any CPU
		{471BB92F-4CE1-4FCF-84F2-7DD900F0A964}.Release|Any CPU.Build.0 = Release|Any CPU
		{A097FB0C-2FD1-4FE8-9CFF-B49A9AE23A81}.Debug|Any CPU.ActiveCfg = Debug|Any CPU
		{A097FB0C-2FD1-4FE8-9CFF-B49A9AE23A81}.Debug|Any CPU.Build.0 = Debug|Any CPU
		{A097FB0C-2FD1-4FE8-9CFF-B49A9AE23A81}.Release|Any CPU.ActiveCfg = Release|Any CPU
		{A097FB0C-2FD1-4FE8-9CFF-B49A9AE23A81}.Release|Any CPU.Build.0 = Release|Any CPU
		{CDD11B05-46AA-4690-984A-505612174EAB}.Debug|Any CPU.ActiveCfg = Debug|Any CPU
		{CDD11B05-46AA-4690-984A-505612174EAB}.Debug|Any CPU.Build.0 = Debug|Any CPU
		{CDD11B05-46AA-4690-984A-505612174EAB}.Release|Any CPU.ActiveCfg = Release|Any CPU
		{CDD11B05-46AA-4690-984A-505612174EAB}.Release|Any CPU.Build.0 = Release|Any CPU
	EndGlobalSection
	GlobalSection(SolutionProperties) = preSolution
		HideSolutionNode = FALSE
	EndGlobalSection
	GlobalSection(NestedProjects) = preSolution
		{CFE5D0D9-6851-4AD1-8276-557E5EA7D1C1} = {FAEC9CE6-1DA8-4B28-900F-DB472713ACE6}
		{E18D15AA-DBA9-4B37-9E39-D7B775BAEE13} = {FAEC9CE6-1DA8-4B28-900F-DB472713ACE6}
		{D791FF81-A9C4-4E84-B57E-63B21584DAAB} = {FAEC9CE6-1DA8-4B28-900F-DB472713ACE6}
		{764CEF32-03BE-41DB-9DB7-80387A9A5B76} = {FAEC9CE6-1DA8-4B28-900F-DB472713ACE6}
		{2427958A-2B8F-42C0-ABD8-2FF8E39E3C80} = {FAEC9CE6-1DA8-4B28-900F-DB472713ACE6}
		{9963A2FA-3DD2-4F8A-812A-CB50B070AFB7} = {2427958A-2B8F-42C0-ABD8-2FF8E39E3C80}
		{0650E144-80E1-453A-A27F-3AB793E6AB27} = {2427958A-2B8F-42C0-ABD8-2FF8E39E3C80}
		{848002F8-8DCB-4D4C-883B-77B09C5A0498} = {2427958A-2B8F-42C0-ABD8-2FF8E39E3C80}
		{43F06F41-F5F5-4382-B236-86048B555CF1} = {2427958A-2B8F-42C0-ABD8-2FF8E39E3C80}
		{1D39D8A4-FE06-408D-9297-F4E58FFEF6F6} = {F0DDC27F-A5D8-4E6A-8FCD-9A3408FF39E0}
		{38E0CA32-8933-464B-8AFD-C6C7C8E162FE} = {F0DDC27F-A5D8-4E6A-8FCD-9A3408FF39E0}
		{471BB92F-4CE1-4FCF-84F2-7DD900F0A964} = {F0DDC27F-A5D8-4E6A-8FCD-9A3408FF39E0}
		{A097FB0C-2FD1-4FE8-9CFF-B49A9AE23A81} = {2427958A-2B8F-42C0-ABD8-2FF8E39E3C80}
		{CDD11B05-46AA-4690-984A-505612174EAB} = {2427958A-2B8F-42C0-ABD8-2FF8E39E3C80}
	EndGlobalSection
	GlobalSection(ExtensibilityGlobals) = postSolution
		SolutionGuid = {4429840B-AFCD-47F6-83DE-EC2F5E6822BF}
	EndGlobalSection
EndGlobal
